
Microsoft Visual Studio Solution File, Format Version 12.00
# Visual Studio Version 17
VisualStudioVersion = 17.6.33801.468
MinimumVisualStudioVersion = 10.0.40219.1
Project("{9A19103F-16F7-4668-BE54-9A1E7A4F7556}") = "stumper", "stumper\stumper.csproj", "{F6435355-F1F1-4AF2-8381-A822B166F360}"
EndProject
Project("{54435603-DBB4-11D2-8724-00A0C9A8B90C}") = "stumperSetup", "stumperSetup\stumperSetup.vdproj", "{84661990-113D-485B-BB05-65FF81981C38}"
EndProject
Global
	GlobalSection(SolutionConfigurationPlatforms) = preSolution
		Debug|Any CPU = Debug|Any CPU
		Release|Any CPU = Release|Any CPU
	EndGlobalSection
	GlobalSection(ProjectConfigurationPlatforms) = postSolution
		{F6435355-F1F1-4AF2-8381-A822B166F360}.Debug|Any CPU.ActiveCfg = Debug|Any CPU
		{F6435355-F1F1-4AF2-8381-A822B166F360}.Debug|Any CPU.Build.0 = Debug|Any CPU
		{F6435355-F1F1-4AF2-8381-A822B166F360}.Release|Any CPU.ActiveCfg = Release|Any CPU
		{F6435355-F1F1-4AF2-8381-A822B166F360}.Release|Any CPU.Build.0 = Release|Any CPU
		{84661990-113D-485B-BB05-65FF81981C38}.Debug|Any CPU.ActiveCfg = Debug
		{84661990-113D-485B-BB05-65FF81981C38}.Release|Any CPU.ActiveCfg = Release
	EndGlobalSection
	GlobalSection(SolutionProperties) = preSolution
		HideSolutionNode = FALSE
	EndGlobalSection
	GlobalSection(ExtensibilityGlobals) = postSolution
		SolutionGuid = {0A12CD3B-4582-4E14-95F9-8153FB2C3219}
	EndGlobalSection
EndGlobal
